<?xml version="1.0" encoding="utf-8"?>
<Project ToolsVersion="4.0" xmlns="http://schemas.microsoft.com/developer/msbuild/2003">
  <ItemGroup>
    <Filter Include="Resource Files">
      <UniqueIdentifier>{67DA6AB6-F800-4c08-8B7A-83BB121AAD01}</UniqueIdentifier>
      <Extensions>rc;ico;cur;bmp;dlg;rc2;rct;bin;rgs;gif;jpg;jpeg;jpe;resx;tiff;tif;png;wav;mfcribbon-ms</Extensions>
    </Filter>
    <Filter Include="src">
      <UniqueIdentifier>{b53acf71-f959-4080-a8d9-585e63379031}</UniqueIdentifier>
    </Filter>
    <Filter Include="src\Zhan">
      <UniqueIdentifier>{2d4a5e80-8c65-4e1e-aebc-58182074db70}</UniqueIdentifier>
    </Filter>
  </ItemGroup>
  <ItemGroup>
    <ClInclude Include="src\Zhan\Core.h">
      <Filter>src\Zhan</Filter>
    </ClInclude>
    <ClInclude Include="src\Zhan.h" />
    <ClInclude Include="src\Zhan\Application.h">
      <Filter>src\Zhan</Filter>
    </ClInclude>
    <ClInclude Include="src\Zhan\Entrypoint.h">
      <Filter>src\Zhan</Filter>
    </ClInclude>
    <ClInclude Include="src\Zhan\Log.h" />
  </ItemGroup>
  <ItemGroup>
    <ClCompile Include="src\Zhan\Application.cpp">
      <Filter>src\Zhan</Filter>
    </ClCompile>
    <ClCompile Include="src\Zhan\Log.cpp" />
  </ItemGroup>
</Project>