<?xml version="1.0" encoding="utf-8"?>
<Project ToolsVersion="4.0" xmlns="http://schemas.microsoft.com/developer/msbuild/2003">
  <ItemGroup>
    <Filter Include="ImGui">
      <UniqueIdentifier>{C0FF640D-2C14-8DBE-F595-301E616989EF}</UniqueIdentifier>
    </Filter>
    <Filter Include="Platform">
      <UniqueIdentifier>{2AC788B4-1694-E3BF-3FAD-D1672BD9184E}</UniqueIdentifier>
    </Filter>
    <Filter Include="Platform\OpenGL">
      <UniqueIdentifier>{1E7D2C1D-8A08-9AE1-9319-1DD6FF23F6E1}</UniqueIdentifier>
    </Filter>
    <Filter Include="Platform\Windows">
      <UniqueIdentifier>{64FBD71A-50F4-F66C-7926-DCF1657ED678}</UniqueIdentifier>
    </Filter>
    <Filter Include="Zhan">
      <UniqueIdentifier>{F630907C-E267-910D-8B54-7710776A0D0F}</UniqueIdentifier>
    </Filter>
    <Filter Include="Zhan\Event">
      <UniqueIdentifier>{C71230FF-B3CA-714C-1CD2-4AA808A90C3D}</UniqueIdentifier>
    </Filter>
    <Filter Include="Zhan\Layer">
      <UniqueIdentifier>{428EA3FF-2E46-E54C-974D-BEA88324803D}</UniqueIdentifier>
    </Filter>
  </ItemGroup>
  <ItemGroup>
    <ClInclude Include="src\ImGui\ImGuiLayer.h">
      <Filter>ImGui</Filter>
    </ClInclude>
    <ClInclude Include="src\Platform\OpenGL\imgui_impl_glfw.h">
      <Filter>Platform\OpenGL</Filter>
    </ClInclude>
    <ClInclude Include="src\Platform\OpenGL\imgui_impl_opengl3.h">
      <Filter>Platform\OpenGL</Filter>
    </ClInclude>
    <ClInclude Include="src\Platform\Windows\WindowsWindow.h">
      <Filter>Platform\Windows</Filter>
    </ClInclude>
    <ClInclude Include="src\Zhan.h" />
    <ClInclude Include="src\Zhan\Application.h">
      <Filter>Zhan</Filter>
    </ClInclude>
    <ClInclude Include="src\Zhan\Core.h">
      <Filter>Zhan</Filter>
    </ClInclude>
    <ClInclude Include="src\Zhan\Entrypoint.h">
      <Filter>Zhan</Filter>
    </ClInclude>
    <ClInclude Include="src\Zhan\Event\ApplicationEvent.h">
      <Filter>Zhan\Event</Filter>
    </ClInclude>
    <ClInclude Include="src\Zhan\Event\Event.h">
      <Filter>Zhan\Event</Filter>
    </ClInclude>
    <ClInclude Include="src\Zhan\Event\KeyEvent.h">
      <Filter>Zhan\Event</Filter>
    </ClInclude>
    <ClInclude Include="src\Zhan\Event\MouseEvent.h">
      <Filter>Zhan\Event</Filter>
    </ClInclude>
    <ClInclude Include="src\Zhan\Event\WindowEvent.h">
      <Filter>Zhan\Event</Filter>
    </ClInclude>
    <ClInclude Include="src\Zhan\Layer\Layer.h">
      <Filter>Zhan\Layer</Filter>
    </ClInclude>
    <ClInclude Include="src\Zhan\Layer\LayerStack.h">
      <Filter>Zhan\Layer</Filter>
    </ClInclude>
    <ClInclude Include="src\Zhan\Log.h">
      <Filter>Zhan</Filter>
    </ClInclude>
    <ClInclude Include="src\Zhan\Window.h">
      <Filter>Zhan</Filter>
    </ClInclude>
    <ClInclude Include="src\zhpch.h" />
  </ItemGroup>
  <ItemGroup>
    <ClCompile Include="src\ImGui\ImGuiLayer.cpp">
      <Filter>ImGui</Filter>
    </ClCompile>
    <ClCompile Include="src\Platform\OpenGL\imgui_impl_glfw.cpp">
      <Filter>Platform\OpenGL</Filter>
    </ClCompile>
    <ClCompile Include="src\Platform\OpenGL\imgui_impl_opengl3.cpp">
      <Filter>Platform\OpenGL</Filter>
    </ClCompile>
    <ClCompile Include="src\Platform\Windows\WindowsWindow.cpp">
      <Filter>Platform\Windows</Filter>
    </ClCompile>
    <ClCompile Include="src\Zhan\Application.cpp">
      <Filter>Zhan</Filter>
    </ClCompile>
    <ClCompile Include="src\Zhan\Layer\Layer.cpp">
      <Filter>Zhan\Layer</Filter>
    </ClCompile>
    <ClCompile Include="src\Zhan\Layer\LayerStack.cpp">
      <Filter>Zhan\Layer</Filter>
    </ClCompile>
    <ClCompile Include="src\Zhan\Log.cpp">
      <Filter>Zhan</Filter>
    </ClCompile>
    <ClCompile Include="src\zhpch.cpp" />
  </ItemGroup>
</Project>