<?xml version="1.0" encoding="utf-8"?>
<Project ToolsVersion="4.0" xmlns="http://schemas.microsoft.com/developer/msbuild/2003">
  <ItemGroup>
    <Filter Include="Zhan">
      <UniqueIdentifier>{F630907C-E267-910D-8B54-7710776A0D0F}</UniqueIdentifier>
    </Filter>
    <Filter Include="Zhan\Event">
      <UniqueIdentifier>{C71230FF-B3CA-714C-1CD2-4AA808A90C3D}</UniqueIdentifier>
    </Filter>
  </ItemGroup>
  <ItemGroup>
    <ClInclude Include="src\Zhan.h" />
    <ClInclude Include="src\Zhan\Application.h">
      <Filter>Zhan</Filter>
    </ClInclude>
    <ClInclude Include="src\Zhan\Core.h">
      <Filter>Zhan</Filter>
    </ClInclude>
    <ClInclude Include="src\Zhan\Entrypoint.h">
      <Filter>Zhan</Filter>
    </ClInclude>
    <ClInclude Include="src\Zhan\Event\ApplicationEvent.h">
      <Filter>Zhan\Event</Filter>
    </ClInclude>
    <ClInclude Include="src\Zhan\Event\Event.h">
      <Filter>Zhan\Event</Filter>
    </ClInclude>
    <ClInclude Include="src\Zhan\Event\KeyEvent.h">
      <Filter>Zhan\Event</Filter>
    </ClInclude>
    <ClInclude Include="src\Zhan\Event\MouseEvent.h">
      <Filter>Zhan\Event</Filter>
    </ClInclude>
    <ClInclude Include="src\Zhan\Event\WindowEvent.h">
      <Filter>Zhan\Event</Filter>
    </ClInclude>
    <ClInclude Include="src\Zhan\Log.h">
      <Filter>Zhan</Filter>
    </ClInclude>
    <ClInclude Include="src\zhpch.h" />
  </ItemGroup>
  <ItemGroup>
    <ClCompile Include="src\Zhan\Application.cpp">
      <Filter>Zhan</Filter>
    </ClCompile>
    <ClCompile Include="src\Zhan\Log.cpp">
      <Filter>Zhan</Filter>
    </ClCompile>
    <ClCompile Include="src\zhpch.cpp" />
  </ItemGroup>
</Project>